{
  "requires": true,
  "lockfileVersion": 1,
  "dependencies": {
    "@capacitor-community/firebase-analytics": {
      "version": "4.0.0",
      "resolved": "https://registry.npmjs.org/@capacitor-community/firebase-analytics/-/firebase-analytics-4.0.0.tgz",
      "integrity": "sha512-TwsIz504IrpVajdv5Fv01SYRJqo85oPz2j99xG+NGPCpn110jSRxC6EeHwRLCur8QpGokKlp4y1hd5utUvVUYw==",
      "requires": {
        "@capacitor/core": "^4.0.0"
      }
    },
    "@capacitor/core": {
      "version": "4.8.1",
      "resolved": "https://registry.npmjs.org/@capacitor/core/-/core-4.8.1.tgz",
      "integrity": "sha512-GIUGw1P2Iyh4jb8ZAIWRPtR2zH6ARcpwN5pn/vmIJiTujQBMQmF62s5L3m4XMQSVKlbw8iCPi/YKjlUL+EjKhA==",
      "requires": {
        "tslib": "^2.1.0"
      }
    },
    "tslib": {
      "version": "2.6.2",
      "resolved": "https://registry.npmjs.org/tslib/-/tslib-2.6.2.tgz",
      "integrity": "sha512-AEYxH93jGFPn/a2iVAwW87VuUIkR1FVUKB77NwMF7nBTDkDrrT/Hpt/IrCJ0QXhW27jTBDcf5ZY7w6RiqTMw2Q=="
    }
  }
}
